# generated by rye
# use `rye lock` or `rye sync` to update this lockfile
#
# last locked with the following flags:
#   pre: false
#   features: []
#   all-features: false
#   with-sources: false
#   generate-hashes: false

-e file:.
aiosqlite==0.20.0
    # via fasterhtml
alembic==1.13.2
    # via fasterhtml
anyio==4.4.0
    # via starlette
astor==0.8.1
    # via fasterhtml
click==8.1.7
    # via uvicorn
databases==0.9.0
    # via fasterhtml
greenlet==3.0.3
    # via sqlalchemy
h11==0.14.0
    # via uvicorn
idna==3.7
    # via anyio
mako==1.3.5
    # via alembic
markupsafe==2.1.5
    # via mako
sniffio==1.3.1
    # via anyio
sqlalchemy==2.0.32
    # via alembic
    # via databases
    # via fasterhtml
starlette==0.38.2
    # via fasterhtml
typing-extensions==4.12.2
    # via aiosqlite
    # via alembic
    # via sqlalchemy
uvicorn==0.30.5
    # via fasterhtml
